
Microsoft Visual Studio Solution File, Format Version 12.00
# Visual Studio Version 16
VisualStudioVersion = 16.0.29411.108
MinimumVisualStudioVersion = 10.0.40219.1
Project("{FAE04EC0-301F-11D3-BF4B-00C04F79EFBC}") = "prjSegundoCrud", "prjSegundoCrud\prjSegundoCrud.csproj", "{413BC359-C80A-427F-B8A2-6834930E3E60}"
EndProject
Global
	GlobalSection(SolutionConfigurationPlatforms) = preSolution
		Debug|Any CPU = Debug|Any CPU
		Release|Any CPU = Release|Any CPU
	EndGlobalSection
	GlobalSection(ProjectConfigurationPlatforms) = postSolution
		{413BC359-C80A-427F-B8A2-6834930E3E60}.Debug|Any CPU.ActiveCfg = Debug|Any CPU
		{413BC359-C80A-427F-B8A2-6834930E3E60}.Debug|Any CPU.Build.0 = Debug|Any CPU
		{413BC359-C80A-427F-B8A2-6834930E3E60}.Release|Any CPU.ActiveCfg = Release|Any CPU
		{413BC359-C80A-427F-B8A2-6834930E3E60}.Release|Any CPU.Build.0 = Release|Any CPU
	EndGlobalSection
	GlobalSection(SolutionProperties) = preSolution
		HideSolutionNode = FALSE
	EndGlobalSection
	GlobalSection(ExtensibilityGlobals) = postSolution
		SolutionGuid = {6DED5BC1-F7D4-4A58-8AA9-152D45B5ACBB}
	EndGlobalSection
EndGlobal
